// !$*UTF8*$!
{
	archiveVersion = 1;
	classes = {
	};
	objectVersion = 55;
	objects = {

/* Begin PBXBuildFile section */
		3087B6E327922B0F009DFFB1 /* AppDelegate.swift in Sources */ = {isa = PBXBuildFile; fileRef = 3087B6E227922B0F009DFFB1 /* AppDelegate.swift */; };
		3087B6E527922B0F009DFFB1 /* SceneDelegate.swift in Sources */ = {isa = PBXBuildFile; fileRef = 3087B6E427922B0F009DFFB1 /* SceneDelegate.swift */; };
		3087B6E727922B0F009DFFB1 /* ViewController.swift in Sources */ = {isa = PBXBuildFile; fileRef = 3087B6E627922B0F009DFFB1 /* ViewController.swift */; };
		3087B6EA27922B0F009DFFB1 /* Main.storyboard in Resources */ = {isa = PBXBuildFile; fileRef = 3087B6E827922B0F009DFFB1 /* Main.storyboard */; };
		3087B6EC27922B10009DFFB1 /* Assets.xcassets in Resources */ = {isa = PBXBuildFile; fileRef = 3087B6EB27922B10009DFFB1 /* Assets.xcassets */; };
		3087B6EF27922B10009DFFB1 /* LaunchScreen.storyboard in Resources */ = {isa = PBXBuildFile; fileRef = 3087B6ED27922B10009DFFB1 /* LaunchScreen.storyboard */; };
		3087B6FA27922B10009DFFB1 /* Pre_workTests.swift in Sources */ = {isa = PBXBuildFile; fileRef = 3087B6F927922B10009DFFB1 /* Pre_workTests.swift */; };
		3087B70427922B10009DFFB1 /* Pre_workUITests.swift in Sources */ = {isa = PBXBuildFile; fileRef = 3087B70327922B10009DFFB1 /* Pre_workUITests.swift */; };
		3087B70627922B10009DFFB1 /* Pre_workUITestsLaunchTests.swift in Sources */ = {isa = PBXBuildFile; fileRef = 3087B70527922B10009DFFB1 /* Pre_workUITestsLaunchTests.swift */; };
/* End PBXBuildFile section */

/* Begin PBXContainerItemProxy section */
		3087B6F627922B10009DFFB1 /* PBXContainerItemProxy */ = {
			isa = PBXContainerItemProxy;
			containerPortal = 3087B6D727922B0F009DFFB1 /* Project object */;
			proxyType = 1;
			remoteGlobalIDString = 3087B6DE27922B0F009DFFB1;
			remoteInfo = "Pre work";
		};
		3087B70027922B10009DFFB1 /* PBXContainerItemProxy */ = {
			isa = PBXContainerItemProxy;
			containerPortal = 3087B6D727922B0F009DFFB1 /* Project object */;
			proxyType = 1;
			remoteGlobalIDString = 3087B6DE27922B0F009DFFB1;
			remoteInfo = "Pre work";
		};
/* End PBXContainerItemProxy section */

/* Begin PBXFileReference section */
		3087B6DF27922B0F009DFFB1 /* Pre work.app */ = {isa = PBXFileReference; explicitFileType = wrapper.application; includeInIndex = 0; path = "Pre work.app"; sourceTree = BUILT_PRODUCTS_DIR; };
		3087B6E227922B0F009DFFB1 /* AppDelegate.swift */ = {isa = PBXFileReference; lastKnownFileType = sourcecode.swift; path = AppDelegate.swift; sourceTree = "<group>"; };
		3087B6E427922B0F009DFFB1 /* SceneDelegate.swift */ = {isa = PBXFileReference; lastKnownFileType = sourcecode.swift; path = SceneDelegate.swift; sourceTree = "<group>"; };
		3087B6E627922B0F009DFFB1 /* ViewController.swift */ = {isa = PBXFileReference; lastKnownFileType = sourcecode.swift; path = ViewController.swift; sourceTree = "<group>"; };
		3087B6E927922B0F009DFFB1 /* Base */ = {isa = PBXFileReference; lastKnownFileType = file.storyboard; name = Base; path = Base.lproj/Main.storyboard; sourceTree = "<group>"; };
		3087B6EB27922B10009DFFB1 /* Assets.xcassets */ = {isa = PBXFileReference; lastKnownFileType = folder.assetcatalog; path = Assets.xcassets; sourceTree = "<group>"; };
		3087B6EE27922B10009DFFB1 /* Base */ = {isa = PBXFileReference; lastKnownFileType = file.storyboard; name = Base; path = Base.lproj/LaunchScreen.storyboard; sourceTree = "<group>"; };
		3087B6F027922B10009DFFB1 /* Info.plist */ = {isa = PBXFileReference; lastKnownFileType = text.plist.xml; path = Info.plist; sourceTree = "<group>"; };
		3087B6F527922B10009DFFB1 /* Pre workTests.xctest */ = {isa = PBXFileReference; explicitFileType = wrapper.cfbundle; includeInIndex = 0; path = "Pre workTests.xctest"; sourceTree = BUILT_PRODUCTS_DIR; };
		3087B6F927922B10009DFFB1 /* Pre_workTests.swift */ = {isa = PBXFileReference; lastKnownFileType = sourcecode.swift; path = Pre_workTests.swift; sourceTree = "<group>"; };
		3087B6FF27922B10009DFFB1 /* Pre workUITests.xctest */ = {isa = PBXFileReference; explicitFileType = wrapper.cfbundle; includeInIndex = 0; path = "Pre workUITests.xctest"; sourceTree = BUILT_PRODUCTS_DIR; };
		3087B70327922B10009DFFB1 /* Pre_workUITests.swift */ = {isa = PBXFileReference; lastKnownFileType = sourcecode.swift; path = Pre_workUITests.swift; sourceTree = "<group>"; };
		3087B70527922B10009DFFB1 /* Pre_workUITestsLaunchTests.swift */ = {isa = PBXFileReference; lastKnownFileType = sourcecode.swift; path = Pre_workUITestsLaunchTests.swift; sourceTree = "<group>"; };
/* End PBXFileReference section */

/* Begin PBXFrameworksBuildPhase section */
		3087B6DC27922B0F009DFFB1 /* Frameworks */ = {
			isa = PBXFrameworksBuildPhase;
			buildActionMask = 2147483647;
			files = (
			);
			runOnlyForDeploymentPostprocessing = 0;
		};
		3087B6F227922B10009DFFB1 /* Frameworks */ = {
			isa = PBXFrameworksBuildPhase;
			buildActionMask = 2147483647;
			files = (
			);
			runOnlyForDeploymentPostprocessing = 0;
		};
		3087B6FC27922B10009DFFB1 /* Frameworks */ = {
			isa = PBXFrameworksBuildPhase;
			buildActionMask = 2147483647;
			files = (
			);
			runOnlyForDeploymentPostprocessing = 0;
		};
/* End PBXFrameworksBuildPhase section */

/* Begin PBXGroup section */
		3087B6D627922B0F009DFFB1 = {
			isa = PBXGroup;
			children = (
				3087B6E127922B0F009DFFB1 /* Pre work */,
				3087B6F827922B10009DFFB1 /* Pre workTests */,
				3087B70227922B10009DFFB1 /* Pre workUITests */,
				3087B6E027922B0F009DFFB1 /* Products */,
			);
			sourceTree = "<group>";
		};
		3087B6E027922B0F009DFFB1 /* Products */ = {
			isa = PBXGroup;
			children = (
				3087B6DF27922B0F009DFFB1 /* Pre work.app */,
				3087B6F527922B10009DFFB1 /* Pre workTests.xctest */,
				3087B6FF27922B10009DFFB1 /* Pre workUITests.xctest */,
			);
			name = Products;
			sourceTree = "<group>";
		};
		3087B6E127922B0F009DFFB1 /* Pre work */ = {
			isa = PBXGroup;
			children = (
				3087B6E227922B0F009DFFB1 /* AppDelegate.swift */,
				3087B6E427922B0F009DFFB1 /* SceneDelegate.swift */,
				3087B6E627922B0F009DFFB1 /* ViewController.swift */,
				3087B6E827922B0F009DFFB1 /* Main.storyboard */,
				3087B6EB27922B10009DFFB1 /* Assets.xcassets */,
				3087B6ED27922B10009DFFB1 /* LaunchScreen.storyboard */,
				3087B6F027922B10009DFFB1 /* Info.plist */,
			);
			path = "Pre work";
			sourceTree = "<group>";
		};
		3087B6F827922B10009DFFB1 /* Pre workTests */ = {
			isa = PBXGroup;
			children = (
				3087B6F927922B10009DFFB1 /* Pre_workTests.swift */,
			);
			path = "Pre workTests";
			sourceTree = "<group>";
		};
		3087B70227922B10009DFFB1 /* Pre workUITests */ = {
			isa = PBXGroup;
			children = (
				3087B70327922B10009DFFB1 /* Pre_workUITests.swift */,
				3087B70527922B10009DFFB1 /* Pre_workUITestsLaunchTests.swift */,
			);
			path = "Pre workUITests";
			sourceTree = "<group>";
		};
/* End PBXGroup section */

/* Begin PBXNativeTarget section */
		3087B6DE27922B0F009DFFB1 /* Pre work */ = {
			isa = PBXNativeTarget;
			buildConfigurationList = 3087B70927922B10009DFFB1 /* Build configuration list for PBXNativeTarget "Pre work" */;
			buildPhases = (
				3087B6DB27922B0F009DFFB1 /* Sources */,
				3087B6DC27922B0F009DFFB1 /* Frameworks */,
				3087B6DD27922B0F009DFFB1 /* Resources */,
			);
			buildRules = (
			);
			dependencies = (
			);
			name = "Pre work";
			productName = "Pre work";
			productReference = 3087B6DF27922B0F009DFFB1 /* Pre work.app */;
			productType = "com.apple.product-type.application";
		};
		3087B6F427922B10009DFFB1 /* Pre workTests */ = {
			isa = PBXNativeTarget;
			buildConfigurationList = 3087B70C27922B10009DFFB1 /* Build configuration list for PBXNativeTarget "Pre workTests" */;
			buildPhases = (
				3087B6F127922B10009DFFB1 /* Sources */,
				3087B6F227922B10009DFFB1 /* Frameworks */,
				3087B6F327922B10009DFFB1 /* Resources */,
			);
			buildRules = (
			);
			dependencies = (
				3087B6F727922B10009DFFB1 /* PBXTargetDependency */,
			);
			name = "Pre workTests";
			productName = "Pre workTests";
			productReference = 3087B6F527922B10009DFFB1 /* Pre workTests.xctest */;
			productType = "com.apple.product-type.bundle.unit-test";
		};
		3087B6FE27922B10009DFFB1 /* Pre workUITests */ = {
			isa = PBXNativeTarget;
			buildConfigurationList = 3087B70F27922B10009DFFB1 /* Build configuration list for PBXNativeTarget "Pre workUITests" */;
			buildPhases = (
				3087B6FB27922B10009DFFB1 /* Sources */,
				3087B6FC27922B10009DFFB1 /* Frameworks */,
				3087B6FD27922B10009DFFB1 /* Resources */,
			);
			buildRules = (
			);
			dependencies = (
				3087B70127922B10009DFFB1 /* PBXTargetDependency */,
			);
			name = "Pre workUITests";
			productName = "Pre workUITests";
			productReference = 3087B6FF27922B10009DFFB1 /* Pre workUITests.xctest */;
			productType = "com.apple.product-type.bundle.ui-testing";
		};
/* End PBXNativeTarget section */

/* Begin PBXProject section */
		3087B6D727922B0F009DFFB1 /* Project object */ = {
			isa = PBXProject;
			attributes = {
				BuildIndependentTargetsInParallel = 1;
				LastSwiftUpdateCheck = 1320;
				LastUpgradeCheck = 1320;
				TargetAttributes = {
					3087B6DE27922B0F009DFFB1 = {
						CreatedOnToolsVersion = 13.2.1;
					};
					3087B6F427922B10009DFFB1 = {
						CreatedOnToolsVersion = 13.2.1;
						TestTargetID = 3087B6DE27922B0F009DFFB1;
					};
					3087B6FE27922B10009DFFB1 = {
						CreatedOnToolsVersion = 13.2.1;
						TestTargetID = 3087B6DE27922B0F009DFFB1;
					};
				};
			};
			buildConfigurationList = 3087B6DA27922B0F009DFFB1 /* Build configuration list for PBXProject "Pre work" */;
			compatibilityVersion = "Xcode 13.0";
			developmentRegion = en;
			hasScannedForEncodings = 0;
			knownRegions = (
				en,
				Base,
			);
			mainGroup = 3087B6D627922B0F009DFFB1;
			productRefGroup = 3087B6E027922B0F009DFFB1 /* Products */;
			projectDirPath = "";
			projectRoot = "";
			targets = (
				3087B6DE27922B0F009DFFB1 /* Pre work */,
				3087B6F427922B10009DFFB1 /* Pre workTests */,
				3087B6FE27922B10009DFFB1 /* Pre workUITests */,
			);
		};
/* End PBXProject section */

/* Begin PBXResourcesBuildPhase section */
		3087B6DD27922B0F009DFFB1 /* Resources */ = {
			isa = PBXResourcesBuildPhase;
			buildActionMask = 2147483647;
			files = (
				3087B6EF27922B10009DFFB1 /* LaunchScreen.storyboard in Resources */,
				3087B6EC27922B10009DFFB1 /* Assets.xcassets in Resources */,
				3087B6EA27922B0F009DFFB1 /* Main.storyboard in Resources */,
			);
			runOnlyForDeploymentPostprocessing = 0;
		};
		3087B6F327922B10009DFFB1 /* Resources */ = {
			isa = PBXResourcesBuildPhase;
			buildActionMask = 2147483647;
			files = (
			);
			runOnlyForDeploymentPostprocessing = 0;
		};
		3087B6FD27922B10009DFFB1 /* Resources */ = {
			isa = PBXResourcesBuildPhase;
			buildActionMask = 2147483647;
			files = (
			);
			runOnlyForDeploymentPostprocessing = 0;
		};
/* End PBXResourcesBuildPhase section */

/* Begin PBXSourcesBuildPhase section */
		3087B6DB27922B0F009DFFB1 /* Sources */ = {
			isa = PBXSourcesBuildPhase;
			buildActionMask = 2147483647;
			files = (
				3087B6E727922B0F009DFFB1 /* ViewController.swift in Sources */,
				3087B6E327922B0F009DFFB1 /* AppDelegate.swift in Sources */,
				3087B6E527922B0F009DFFB1 /* SceneDelegate.swift in Sources */,
			);
			runOnlyForDeploymentPostprocessing = 0;
		};
		3087B6F127922B10009DFFB1 /* Sources */ = {
			isa = PBXSourcesBuildPhase;
			buildActionMask = 2147483647;
			files = (
				3087B6FA27922B10009DFFB1 /* Pre_workTests.swift in Sources */,
			);
			runOnlyForDeploymentPostprocessing = 0;
		};
		3087B6FB27922B10009DFFB1 /* Sources */ = {
			isa = PBXSourcesBuildPhase;
			buildActionMask = 2147483647;
			files = (
				3087B70627922B10009DFFB1 /* Pre_workUITestsLaunchTests.swift in Sources */,
				3087B70427922B10009DFFB1 /* Pre_workUITests.swift in Sources */,
			);
			runOnlyForDeploymentPostprocessing = 0;
		};
/* End PBXSourcesBuildPhase section */

/* Begin PBXTargetDependency section */
		3087B6F727922B10009DFFB1 /* PBXTargetDependency */ = {
			isa = PBXTargetDependency;
			target = 3087B6DE27922B0F009DFFB1 /* Pre work */;
			targetProxy = 3087B6F627922B10009DFFB1 /* PBXContainerItemProxy */;
		};
		3087B70127922B10009DFFB1 /* PBXTargetDependency */ = {
			isa = PBXTargetDependency;
			target = 3087B6DE27922B0F009DFFB1 /* Pre work */;
			targetProxy = 3087B70027922B10009DFFB1 /* PBXContainerItemProxy */;
		};
/* End PBXTargetDependency section */

/* Begin PBXVariantGroup section */
		3087B6E827922B0F009DFFB1 /* Main.storyboard */ = {
			isa = PBXVariantGroup;
			children = (
				3087B6E927922B0F009DFFB1 /* Base */,
			);
			name = Main.storyboard;
			sourceTree = "<group>";
		};
		3087B6ED27922B10009DFFB1 /* LaunchScreen.storyboard */ = {
			isa = PBXVariantGroup;
			children = (
				3087B6EE27922B10009DFFB1 /* Base */,
			);
			name = LaunchScreen.storyboard;
			sourceTree = "<group>";
		};
/* End PBXVariantGroup section */

/* Begin XCBuildConfiguration section */
		3087B70727922B10009DFFB1 /* Debug */ = {
			isa = XCBuildConfiguration;
			buildSettings = {
				ALWAYS_SEARCH_USER_PATHS = NO;
				CLANG_ANALYZER_NONNULL = YES;
				CLANG_ANALYZER_NUMBER_OBJECT_CONVERSION = YES_AGGRESSIVE;
				CLANG_CXX_LANGUAGE_STANDARD = "gnu++17";
				CLANG_CXX_LIBRARY = "libc++";
				CLANG_ENABLE_MODULES = YES;
				CLANG_ENABLE_OBJC_ARC = YES;
				CLANG_ENABLE_OBJC_WEAK = YES;
				CLANG_WARN_BLOCK_CAPTURE_AUTORELEASING = YES;
				CLANG_WARN_BOOL_CONVERSION = YES;
				CLANG_WARN_COMMA = YES;
				CLANG_WARN_CONSTANT_CONVERSION = YES;
				CLANG_WARN_DEPRECATED_OBJC_IMPLEMENTATIONS = YES;
				CLANG_WARN_DIRECT_OBJC_ISA_USAGE = YES_ERROR;
				CLANG_WARN_DOCUMENTATION_COMMENTS = YES;
				CLANG_WARN_EMPTY_BODY = YES;
				CLANG_WARN_ENUM_CONVERSION = YES;
				CLANG_WARN_INFINITE_RECURSION = YES;
				CLANG_WARN_INT_CONVERSION = YES;
				CLANG_WARN_NON_LITERAL_NULL_CONVERSION = YES;
				CLANG_WARN_OBJC_IMPLICIT_RETAIN_SELF = YES;
				CLANG_WARN_OBJC_LITERAL_CONVERSION = YES;
				CLANG_WARN_OBJC_ROOT_CLASS = YES_ERROR;
				CLANG_WARN_QUOTED_INCLUDE_IN_FRAMEWORK_HEADER = YES;
				CLANG_WARN_RANGE_LOOP_ANALYSIS = YES;
				CLANG_WARN_STRICT_PROTOTYPES = YES;
				CLANG_WARN_SUSPICIOUS_MOVE = YES;
				CLANG_WARN_UNGUARDED_AVAILABILITY = YES_AGGRESSIVE;
				CLANG_WARN_UNREACHABLE_CODE = YES;
				CLANG_WARN__DUPLICATE_METHOD_MATCH = YES;
				COPY_PHASE_STRIP = NO;
				DEBUG_INFORMATION_FORMAT = dwarf;
				ENABLE_STRICT_OBJC_MSGSEND = YES;
				ENABLE_TESTABILITY = YES;
				GCC_C_LANGUAGE_STANDARD = gnu11;
				GCC_DYNAMIC_NO_PIC = NO;
				GCC_NO_COMMON_BLOCKS = YES;
				GCC_OPTIMIZATION_LEVEL = 0;
				GCC_PREPROCESSOR_DEFINITIONS = (
					"DEBUG=1",
					"$(inherited)",
				);
				GCC_WARN_64_TO_32_BIT_CONVERSION = YES;
				GCC_WARN_ABOUT_RETURN_TYPE = YES_ERROR;
				GCC_WARN_UNDECLARED_SELECTOR = YES;
				GCC_WARN_UNINITIALIZED_AUTOS = YES_AGGRESSIVE;
				GCC_WARN_UNUSED_FUNCTION = YES;
				GCC_WARN_UNUSED_VARIABLE = YES;
				IPHONEOS_DEPLOYMENT_TARGET = 15.2;
				MTL_ENABLE_DEBUG_INFO = INCLUDE_SOURCE;
				MTL_FAST_MATH = YES;
				ONLY_ACTIVE_ARCH = YES;
				SDKROOT = iphoneos;
				SWIFT_ACTIVE_COMPILATION_CONDITIONS = DEBUG;
				SWIFT_OPTIMIZATION_LEVEL = "-Onone";
			};
			name = Debug;
		};
		3087B70827922B10009DFFB1 /* Release */ = {
			isa = XCBuildConfiguration;
			buildSettings = {
				ALWAYS_SEARCH_USER_PATHS = NO;
				CLANG_ANALYZER_NONNULL = YES;
				CLANG_ANALYZER_NUMBER_OBJECT_CONVERSION = YES_AGGRESSIVE;
				CLANG_CXX_LANGUAGE_STANDARD = "gnu++17";
				CLANG_CXX_LIBRARY = "libc++";
				CLANG_ENABLE_MODULES = YES;
				CLANG_ENABLE_OBJC_ARC = YES;
				CLANG_ENABLE_OBJC_WEAK = YES;
				CLANG_WARN_BLOCK_CAPTURE_AUTORELEASING = YES;
				CLANG_WARN_BOOL_CONVERSION = YES;
				CLANG_WARN_COMMA = YES;
				CLANG_WARN_CONSTANT_CONVERSION = YES;
				CLANG_WARN_DEPRECATED_OBJC_IMPLEMENTATIONS = YES;
				CLANG_WARN_DIRECT_OBJC_ISA_USAGE = YES_ERROR;
				CLANG_WARN_DOCUMENTATION_COMMENTS = YES;
				CLANG_WARN_EMPTY_BODY = YES;
				CLANG_WARN_ENUM_CONVERSION = YES;
				CLANG_WARN_INFINITE_RECURSION = YES;
				CLANG_WARN_INT_CONVERSION = YES;
				CLANG_WARN_NON_LITERAL_NULL_CONVERSION = YES;
				CLANG_WARN_OBJC_IMPLICIT_RETAIN_SELF = YES;
				CLANG_WARN_OBJC_LITERAL_CONVERSION = YES;
				CLANG_WARN_OBJC_ROOT_CLASS = YES_ERROR;
				CLANG_WARN_QUOTED_INCLUDE_IN_FRAMEWORK_HEADER = YES;
				CLANG_WARN_RANGE_LOOP_ANALYSIS = YES;
				CLANG_WARN_STRICT_PROTOTYPES = YES;
				CLANG_WARN_SUSPICIOUS_MOVE = YES;
				CLANG_WARN_UNGUARDED_AVAILABILITY = YES_AGGRESSIVE;
				CLANG_WARN_UNREACHABLE_CODE = YES;
				CLANG_WARN__DUPLICATE_METHOD_MATCH = YES;
				COPY_PHASE_STRIP = NO;
				DEBUG_INFORMATION_FORMAT = "dwarf-with-dsym";
				ENABLE_NS_ASSERTIONS = NO;
				ENABLE_STRICT_OBJC_MSGSEND = YES;
				GCC_C_LANGUAGE_STANDARD = gnu11;
				GCC_NO_COMMON_BLOCKS = YES;
				GCC_WARN_64_TO_32_BIT_CONVERSION = YES;
				GCC_WARN_ABOUT_RETURN_TYPE = YES_ERROR;
				GCC_WARN_UNDECLARED_SELECTOR = YES;
				GCC_WARN_UNINITIALIZED_AUTOS = YES_AGGRESSIVE;
				GCC_WARN_UNUSED_FUNCTION = YES;
				GCC_WARN_UNUSED_VARIABLE = YES;
				IPHONEOS_DEPLOYMENT_TARGET = 15.2;
				MTL_ENABLE_DEBUG_INFO = NO;
				MTL_FAST_MATH = YES;
				SDKROOT = iphoneos;
				SWIFT_COMPILATION_MODE = wholemodule;
				SWIFT_OPTIMIZATION_LEVEL = "-O";
				VALIDATE_PRODUCT = YES;
			};
			name = Release;
		};
		3087B70A27922B10009DFFB1 /* Debug */ = {
			isa = XCBuildConfiguration;
			buildSettings = {
				ASSETCATALOG_COMPILER_APPICON_NAME = AppIcon;
				ASSETCATALOG_COMPILER_GLOBAL_ACCENT_COLOR_NAME = AccentColor;
				CODE_SIGN_STYLE = Automatic;
				CURRENT_PROJECT_VERSION = 1;
				GENERATE_INFOPLIST_FILE = YES;
				INFOPLIST_FILE = "Pre work/Info.plist";
				INFOPLIST_KEY_UIApplicationSupportsIndirectInputEvents = YES;
				INFOPLIST_KEY_UILaunchStoryboardName = LaunchScreen;
				INFOPLIST_KEY_UIMainStoryboardFile = Main;
				INFOPLIST_KEY_UISupportedInterfaceOrientations_iPad = "UIInterfaceOrientationPortrait UIInterfaceOrientationPortraitUpsideDown UIInterfaceOrientationLandscapeLeft UIInterfaceOrientationLandscapeRight";
				INFOPLIST_KEY_UISupportedInterfaceOrientations_iPhone = "UIInterfaceOrientationPortrait UIInterfaceOrientationLandscapeLeft UIInterfaceOrientationLandscapeRight";
				LD_RUNPATH_SEARCH_PATHS = (
					"$(inherited)",
					"@executable_path/Frameworks",
				);
				MARKETING_VERSION = 1.0;
				PRODUCT_BUNDLE_IDENTIFIER = "com.thomasbui.Pre-work";
				PRODUCT_NAME = "$(TARGET_NAME)";
				SWIFT_EMIT_LOC_STRINGS = YES;
				SWIFT_VERSION = 5.0;
				TARGETED_DEVICE_FAMILY = "1,2";
			};
			name = Debug;
		};
		3087B70B27922B10009DFFB1 /* Release */ = {
			isa = XCBuildConfiguration;
			buildSettings = {
				ASSETCATALOG_COMPILER_APPICON_NAME = AppIcon;
				ASSETCATALOG_COMPILER_GLOBAL_ACCENT_COLOR_NAME = AccentColor;
				CODE_SIGN_STYLE = Automatic;
				CURRENT_PROJECT_VERSION = 1;
				GENERATE_INFOPLIST_FILE = YES;
				INFOPLIST_FILE = "Pre work/Info.plist";
				INFOPLIST_KEY_UIApplicationSupportsIndirectInputEvents = YES;
				INFOPLIST_KEY_UILaunchStoryboardName = LaunchScreen;
				INFOPLIST_KEY_UIMainStoryboardFile = Main;
				INFOPLIST_KEY_UISupportedInterfaceOrientations_iPad = "UIInterfaceOrientationPortrait UIInterfaceOrientationPortraitUpsideDown UIInterfaceOrientationLandscapeLeft UIInterfaceOrientationLandscapeRight";
				INFOPLIST_KEY_UISupportedInterfaceOrientations_iPhone = "UIInterfaceOrientationPortrait UIInterfaceOrientationLandscapeLeft UIInterfaceOrientationLandscapeRight";
				LD_RUNPATH_SEARCH_PATHS = (
					"$(inherited)",
					"@executable_path/Frameworks",
				);
				MARKETING_VERSION = 1.0;
				PRODUCT_BUNDLE_IDENTIFIER = "com.thomasbui.Pre-work";
				PRODUCT_NAME = "$(TARGET_NAME)";
				SWIFT_EMIT_LOC_STRINGS = YES;
				SWIFT_VERSION = 5.0;
				TARGETED_DEVICE_FAMILY = "1,2";
			};
			name = Release;
		};
		3087B70D27922B10009DFFB1 /* Debug */ = {
			isa = XCBuildConfiguration;
			buildSettings = {
				ALWAYS_EMBED_SWIFT_STANDARD_LIBRARIES = YES;
				BUNDLE_LOADER = "$(TEST_HOST)";
				CODE_SIGN_STYLE = Automatic;
				CURRENT_PROJECT_VERSION = 1;
				GENERATE_INFOPLIST_FILE = YES;
				IPHONEOS_DEPLOYMENT_TARGET = 15.2;
				MARKETING_VERSION = 1.0;
				PRODUCT_BUNDLE_IDENTIFIER = "com.thomasbui.Pre-workTests";
				PRODUCT_NAME = "$(TARGET_NAME)";
				SWIFT_EMIT_LOC_STRINGS = NO;
				SWIFT_VERSION = 5.0;
				TARGETED_DEVICE_FAMILY = "1,2";
				TEST_HOST = "$(BUILT_PRODUCTS_DIR)/Pre work.app/Pre work";
			};
			name = Debug;
		};
		3087B70E27922B10009DFFB1 /* Release */ = {
			isa = XCBuildConfiguration;
			buildSettings = {
				ALWAYS_EMBED_SWIFT_STANDARD_LIBRARIES = YES;
				BUNDLE_LOADER = "$(TEST_HOST)";
				CODE_SIGN_STYLE = Automatic;
				CURRENT_PROJECT_VERSION = 1;
				GENERATE_INFOPLIST_FILE = YES;
				IPHONEOS_DEPLOYMENT_TARGET = 15.2;
				MARKETING_VERSION = 1.0;
				PRODUCT_BUNDLE_IDENTIFIER = "com.thomasbui.Pre-workTests";
				PRODUCT_NAME = "$(TARGET_NAME)";
				SWIFT_EMIT_LOC_STRINGS = NO;
				SWIFT_VERSION = 5.0;
				TARGETED_DEVICE_FAMILY = "1,2";
				TEST_HOST = "$(BUILT_PRODUCTS_DIR)/Pre work.app/Pre work";
			};
			name = Release;
		};
		3087B71027922B10009DFFB1 /* Debug */ = {
			isa = XCBuildConfiguration;
			buildSettings = {
				ALWAYS_EMBED_SWIFT_STANDARD_LIBRARIES = YES;
				CODE_SIGN_STYLE = Automatic;
				CURRENT_PROJECT_VERSION = 1;
				GENERATE_INFOPLIST_FILE = YES;
				MARKETING_VERSION = 1.0;
				PRODUCT_BUNDLE_IDENTIFIER = "com.thomasbui.Pre-workUITests";
				PRODUCT_NAME = "$(TARGET_NAME)";
				SWIFT_EMIT_LOC_STRINGS = NO;
				SWIFT_VERSION = 5.0;
				TARGETED_DEVICE_FAMILY = "1,2";
				TEST_TARGET_NAME = "Pre work";
			};
			name = Debug;
		};
		3087B71127922B10009DFFB1 /* Release */ = {
			isa = XCBuildConfiguration;
			buildSettings = {
				ALWAYS_EMBED_SWIFT_STANDARD_LIBRARIES = YES;
				CODE_SIGN_STYLE = Automatic;
				CURRENT_PROJECT_VERSION = 1;
				GENERATE_INFOPLIST_FILE = YES;
				MARKETING_VERSION = 1.0;
				PRODUCT_BUNDLE_IDENTIFIER = "com.thomasbui.Pre-workUITests";
				PRODUCT_NAME = "$(TARGET_NAME)";
				SWIFT_EMIT_LOC_STRINGS = NO;
				SWIFT_VERSION = 5.0;
				TARGETED_DEVICE_FAMILY = "1,2";
				TEST_TARGET_NAME = "Pre work";
			};
			name = Release;
		};
/* End XCBuildConfiguration section */

/* Begin XCConfigurationList section */
		3087B6DA27922B0F009DFFB1 /* Build configuration list for PBXProject "Pre work" */ = {
			isa = XCConfigurationList;
			buildConfigurations = (
				3087B70727922B10009DFFB1 /* Debug */,
				3087B70827922B10009DFFB1 /* Release */,
			);
			defaultConfigurationIsVisible = 0;
			defaultConfigurationName = Release;
		};
		3087B70927922B10009DFFB1 /* Build configuration list for PBXNativeTarget "Pre work" */ = {
			isa = XCConfigurationList;
			buildConfigurations = (
				3087B70A27922B10009DFFB1 /* Debug */,
				3087B70B27922B10009DFFB1 /* Release */,
			);
			defaultConfigurationIsVisible = 0;
			defaultConfigurationName = Release;
		};
		3087B70C27922B10009DFFB1 /* Build configuration list for PBXNativeTarget "Pre workTests" */ = {
			isa = XCConfigurationList;
			buildConfigurations = (
				3087B70D27922B10009DFFB1 /* Debug */,
				3087B70E27922B10009DFFB1 /* Release */,
			);
			defaultConfigurationIsVisible = 0;
			defaultConfigurationName = Release;
		};
		3087B70F27922B10009DFFB1 /* Build configuration list for PBXNativeTarget "Pre workUITests" */ = {
			isa = XCConfigurationList;
			buildConfigurations = (
				3087B71027922B10009DFFB1 /* Debug */,
				3087B71127922B10009DFFB1 /* Release */,
			);
			defaultConfigurationIsVisible = 0;
			defaultConfigurationName = Release;
		};
/* End XCConfigurationList section */
	};
	rootObject = 3087B6D727922B0F009DFFB1 /* Project object */;
}
